
Microsoft Visual Studio Solution File, Format Version 12.00
# Visual Studio Version 17
VisualStudioVersion = 17.0.31903.59
MinimumVisualStudioVersion = 10.0.40219.1
Project("{FAE04EC0-301F-11D3-BF4B-00C04F79EFBC}") = "srv", "srv\srv.csproj", "{8537023F-4BE6-4871-85CE-9E2367C8702A}"
EndProject
Project("{FAE04EC0-301F-11D3-BF4B-00C04F79EFBC}") = "test", "test\test.csproj", "{1A4D4A59-CDC7-445E-9309-4A427AC7FC99}"
EndProject
Global
	GlobalSection(SolutionConfigurationPlatforms) = preSolution
		Debug|Any CPU = Debug|Any CPU
		Release|Any CPU = Release|Any CPU
	EndGlobalSection
	GlobalSection(SolutionProperties) = preSolution
		HideSolutionNode = FALSE
	EndGlobalSection
	GlobalSection(ProjectConfigurationPlatforms) = postSolution
		{8537023F-4BE6-4871-85CE-9E2367C8702A}.Debug|Any CPU.ActiveCfg = Debug|Any CPU
		{8537023F-4BE6-4871-85CE-9E2367C8702A}.Debug|Any CPU.Build.0 = Debug|Any CPU
		{8537023F-4BE6-4871-85CE-9E2367C8702A}.Release|Any CPU.ActiveCfg = Release|Any CPU
		{8537023F-4BE6-4871-85CE-9E2367C8702A}.Release|Any CPU.Build.0 = Release|Any CPU
		{1A4D4A59-CDC7-445E-9309-4A427AC7FC99}.Debug|Any CPU.ActiveCfg = Debug|Any CPU
		{1A4D4A59-CDC7-445E-9309-4A427AC7FC99}.Debug|Any CPU.Build.0 = Debug|Any CPU
		{1A4D4A59-CDC7-445E-9309-4A427AC7FC99}.Release|Any CPU.ActiveCfg = Release|Any CPU
		{1A4D4A59-CDC7-445E-9309-4A427AC7FC99}.Release|Any CPU.Build.0 = Release|Any CPU
	EndGlobalSection
EndGlobal
